
Microsoft Visual Studio Solution File, Format Version 12.00
# Visual Studio Version 16
VisualStudioVersion = 16.0.30621.155
MinimumVisualStudioVersion = 10.0.40219.1
Project("{8BC9CEB8-8B4A-11D0-8D11-00A0C91BC942}") = "leetcode_no387_字符串中的第一个唯一字符_w1", "leetcode_no387_字符串中的第一个唯一字符_w1.vcxproj", "{F8835BCC-5F6B-4D6A-B800-BD3946E26429}"
EndProject
Global
	GlobalSection(SolutionConfigurationPlatforms) = preSolution
		Debug|x64 = Debug|x64
		Debug|x86 = Debug|x86
		Release|x64 = Release|x64
		Release|x86 = Release|x86
	EndGlobalSection
	GlobalSection(ProjectConfigurationPlatforms) = postSolution
		{F8835BCC-5F6B-4D6A-B800-BD3946E26429}.Debug|x64.ActiveCfg = Debug|x64
		{F8835BCC-5F6B-4D6A-B800-BD3946E26429}.Debug|x64.Build.0 = Debug|x64
		{F8835BCC-5F6B-4D6A-B800-BD3946E26429}.Debug|x86.ActiveCfg = Debug|Win32
		{F8835BCC-5F6B-4D6A-B800-BD3946E26429}.Debug|x86.Build.0 = Debug|Win32
		{F8835BCC-5F6B-4D6A-B800-BD3946E26429}.Release|x64.ActiveCfg = Release|x64
		{F8835BCC-5F6B-4D6A-B800-BD3946E26429}.Release|x64.Build.0 = Release|x64
		{F8835BCC-5F6B-4D6A-B800-BD3946E26429}.Release|x86.ActiveCfg = Release|Win32
		{F8835BCC-5F6B-4D6A-B800-BD3946E26429}.Release|x86.Build.0 = Release|Win32
	EndGlobalSection
	GlobalSection(SolutionProperties) = preSolution
		HideSolutionNode = FALSE
	EndGlobalSection
	GlobalSection(ExtensibilityGlobals) = postSolution
		SolutionGuid = {F4FBF1E2-082F-4F7F-BFD1-EDAAF036364C}
	EndGlobalSection
EndGlobal
